
Microsoft Visual Studio Solution File, Format Version 12.00
# Visual Studio Version 17
VisualStudioVersion = 17.9.34728.123
MinimumVisualStudioVersion = 10.0.40219.1
Project("{9A19103F-16F7-4668-BE54-9A1E7A4F7556}") = "STMDotNetCore.ConsoleApp", "STMDotNetCore.ConsoleApp\STMDotNetCore.ConsoleApp.csproj", "{E13B5376-8002-4C62-8784-3D7975246E96}"
EndProject
Project("{2150E333-8FDC-42A3-9474-1A3956D46DE8}") = "Documents", "Documents", "{6D5C7698-5379-4E0D-9765-F3F839D5E887}"
	ProjectSection(SolutionItems) = preProject
		README.md = README.md
		STMDotNetCore_DB.sql = STMDotNetCore_DB.sql
	EndProjectSection
EndProject
Project("{9A19103F-16F7-4668-BE54-9A1E7A4F7556}") = "STMDotNetCore.RestApi", "STMDotNetCore.RestApi\STMDotNetCore.RestApi.csproj", "{C6E94F7A-4B45-486D-861D-3E55E327DFF4}"
EndProject
Project("{9A19103F-16F7-4668-BE54-9A1E7A4F7556}") = "STMDotNetCore.Shared", "STMDotNetCore.Shared\STMDotNetCore.Shared.csproj", "{B5CC8418-8912-493B-BAE1-2AB8092847C0}"
EndProject
Project("{9A19103F-16F7-4668-BE54-9A1E7A4F7556}") = "STMDotNetCore.RestApiWithNLayer", "STMDotNetCore.RestApiWithNLayer\STMDotNetCore.RestApiWithNLayer.csproj", "{87D4C754-5EE9-490A-845B-4945B83AA073}"
EndProject
Project("{9A19103F-16F7-4668-BE54-9A1E7A4F7556}") = "STMDotNetCore.ConsoleAppHttpClient", "STMDotNetCore.ConsoleAppHttpClient\STMDotNetCore.ConsoleAppHttpClient.csproj", "{242F90B7-9EAD-4598-8CF3-70113B11FE13}"
EndProject
Project("{9A19103F-16F7-4668-BE54-9A1E7A4F7556}") = "STMDotNetCore.ConsoleAppHttpClientExample", "STMDotNetCore.ConsoleAppHttpClientExample\STMDotNetCore.ConsoleAppHttpClientExample.csproj", "{263078A2-2C62-4EA1-8C06-AD153171E1FC}"
EndProject
Project("{9A19103F-16F7-4668-BE54-9A1E7A4F7556}") = "STMDotNetCore.ConsoleAppRestClientExamples", "STMDotNetCore.ConsoleAppRestClientExamples\STMDotNetCore.ConsoleAppRestClientExamples.csproj", "{4FA9EEDA-0850-4D17-85CE-25B0376A5C82}"
EndProject
Project("{9A19103F-16F7-4668-BE54-9A1E7A4F7556}") = "STMDotNetCore.PizzaApi", "STMDotNetCore.PizzaApi\STMDotNetCore.PizzaApi.csproj", "{BEF58204-3DD0-4538-BAA1-0072183A8457}"
EndProject
Project("{9A19103F-16F7-4668-BE54-9A1E7A4F7556}") = "STMDotNetCore.ConsoleAppRefitExample", "STMDotNetCore.ConsoleAppRefitExample\STMDotNetCore.ConsoleAppRefitExample.csproj", "{7F2F484E-F6A5-418C-8CDB-A79800E5F505}"
EndProject
Project("{9A19103F-16F7-4668-BE54-9A1E7A4F7556}") = "STMDotNetCore.WinFormsApp", "STMDotNetCore.WinFormsApp\STMDotNetCore.WinFormsApp.csproj", "{859DED6F-FCDE-43AE-B8EC-6DA9B2602257}"
EndProject
Project("{9A19103F-16F7-4668-BE54-9A1E7A4F7556}") = "STMDotNetCoreWinFormsAppSqlInjection", "STMDotNetCoreWinFormsAppSqlInjection\STMDotNetCoreWinFormsAppSqlInjection.csproj", "{16F8490B-6E95-4038-8D02-2A53994DCB75}"
EndProject
Project("{FAE04EC0-301F-11D3-BF4B-00C04F79EFBC}") = "STMDotNetCore.NLayer.UI", "STMDotNetCore.NLayer.UI\STMDotNetCore.NLayer.UI.csproj", "{EC93725C-AEFF-4A10-BE7C-8E8BCC94F8A7}"
EndProject
Project("{FAE04EC0-301F-11D3-BF4B-00C04F79EFBC}") = "STMDotNetCore.NLayer.BusinessLogic", "STMDotNetCore.NLayer.BusinessLogic\STMDotNetCore.NLayer.BusinessLogic.csproj", "{448B20B1-0F8E-4ED6-BE42-D702622BA954}"
EndProject
Project("{FAE04EC0-301F-11D3-BF4B-00C04F79EFBC}") = "STMDotNetCore.NLayer.DataAccess", "STMDotNetCore.NLayer.DataAccess\STMDotNetCore.NLayer.DataAccess.csproj", "{24C2157E-723E-4600-ABD5-CC6C84DE1A48}"
EndProject
Global
	GlobalSection(SolutionConfigurationPlatforms) = preSolution
		Debug|Any CPU = Debug|Any CPU
		Release|Any CPU = Release|Any CPU
	EndGlobalSection
	GlobalSection(ProjectConfigurationPlatforms) = postSolution
		{E13B5376-8002-4C62-8784-3D7975246E96}.Debug|Any CPU.ActiveCfg = Debug|Any CPU
		{E13B5376-8002-4C62-8784-3D7975246E96}.Debug|Any CPU.Build.0 = Debug|Any CPU
		{E13B5376-8002-4C62-8784-3D7975246E96}.Release|Any CPU.ActiveCfg = Release|Any CPU
		{E13B5376-8002-4C62-8784-3D7975246E96}.Release|Any CPU.Build.0 = Release|Any CPU
		{C6E94F7A-4B45-486D-861D-3E55E327DFF4}.Debug|Any CPU.ActiveCfg = Debug|Any CPU
		{C6E94F7A-4B45-486D-861D-3E55E327DFF4}.Debug|Any CPU.Build.0 = Debug|Any CPU
		{C6E94F7A-4B45-486D-861D-3E55E327DFF4}.Release|Any CPU.ActiveCfg = Release|Any CPU
		{C6E94F7A-4B45-486D-861D-3E55E327DFF4}.Release|Any CPU.Build.0 = Release|Any CPU
		{B5CC8418-8912-493B-BAE1-2AB8092847C0}.Debug|Any CPU.ActiveCfg = Debug|Any CPU
		{B5CC8418-8912-493B-BAE1-2AB8092847C0}.Debug|Any CPU.Build.0 = Debug|Any CPU
		{B5CC8418-8912-493B-BAE1-2AB8092847C0}.Release|Any CPU.ActiveCfg = Release|Any CPU
		{B5CC8418-8912-493B-BAE1-2AB8092847C0}.Release|Any CPU.Build.0 = Release|Any CPU
		{87D4C754-5EE9-490A-845B-4945B83AA073}.Debug|Any CPU.ActiveCfg = Debug|Any CPU
		{87D4C754-5EE9-490A-845B-4945B83AA073}.Debug|Any CPU.Build.0 = Debug|Any CPU
		{87D4C754-5EE9-490A-845B-4945B83AA073}.Release|Any CPU.ActiveCfg = Release|Any CPU
		{87D4C754-5EE9-490A-845B-4945B83AA073}.Release|Any CPU.Build.0 = Release|Any CPU
		{242F90B7-9EAD-4598-8CF3-70113B11FE13}.Debug|Any CPU.ActiveCfg = Debug|Any CPU
		{242F90B7-9EAD-4598-8CF3-70113B11FE13}.Debug|Any CPU.Build.0 = Debug|Any CPU
		{242F90B7-9EAD-4598-8CF3-70113B11FE13}.Release|Any CPU.ActiveCfg = Release|Any CPU
		{242F90B7-9EAD-4598-8CF3-70113B11FE13}.Release|Any CPU.Build.0 = Release|Any CPU
		{263078A2-2C62-4EA1-8C06-AD153171E1FC}.Debug|Any CPU.ActiveCfg = Debug|Any CPU
		{263078A2-2C62-4EA1-8C06-AD153171E1FC}.Debug|Any CPU.Build.0 = Debug|Any CPU
		{263078A2-2C62-4EA1-8C06-AD153171E1FC}.Release|Any CPU.ActiveCfg = Release|Any CPU
		{263078A2-2C62-4EA1-8C06-AD153171E1FC}.Release|Any CPU.Build.0 = Release|Any CPU
		{4FA9EEDA-0850-4D17-85CE-25B0376A5C82}.Debug|Any CPU.ActiveCfg = Debug|Any CPU
		{4FA9EEDA-0850-4D17-85CE-25B0376A5C82}.Debug|Any CPU.Build.0 = Debug|Any CPU
		{4FA9EEDA-0850-4D17-85CE-25B0376A5C82}.Release|Any CPU.ActiveCfg = Release|Any CPU
		{4FA9EEDA-0850-4D17-85CE-25B0376A5C82}.Release|Any CPU.Build.0 = Release|Any CPU
		{BEF58204-3DD0-4538-BAA1-0072183A8457}.Debug|Any CPU.ActiveCfg = Debug|Any CPU
		{BEF58204-3DD0-4538-BAA1-0072183A8457}.Debug|Any CPU.Build.0 = Debug|Any CPU
		{BEF58204-3DD0-4538-BAA1-0072183A8457}.Release|Any CPU.ActiveCfg = Release|Any CPU
		{BEF58204-3DD0-4538-BAA1-0072183A8457}.Release|Any CPU.Build.0 = Release|Any CPU
		{7F2F484E-F6A5-418C-8CDB-A79800E5F505}.Debug|Any CPU.ActiveCfg = Debug|Any CPU
		{7F2F484E-F6A5-418C-8CDB-A79800E5F505}.Debug|Any CPU.Build.0 = Debug|Any CPU
		{7F2F484E-F6A5-418C-8CDB-A79800E5F505}.Release|Any CPU.ActiveCfg = Release|Any CPU
		{7F2F484E-F6A5-418C-8CDB-A79800E5F505}.Release|Any CPU.Build.0 = Release|Any CPU
		{859DED6F-FCDE-43AE-B8EC-6DA9B2602257}.Debug|Any CPU.ActiveCfg = Debug|Any CPU
		{859DED6F-FCDE-43AE-B8EC-6DA9B2602257}.Debug|Any CPU.Build.0 = Debug|Any CPU
		{859DED6F-FCDE-43AE-B8EC-6DA9B2602257}.Release|Any CPU.ActiveCfg = Release|Any CPU
		{859DED6F-FCDE-43AE-B8EC-6DA9B2602257}.Release|Any CPU.Build.0 = Release|Any CPU
		{16F8490B-6E95-4038-8D02-2A53994DCB75}.Debug|Any CPU.ActiveCfg = Debug|Any CPU
		{16F8490B-6E95-4038-8D02-2A53994DCB75}.Debug|Any CPU.Build.0 = Debug|Any CPU
		{16F8490B-6E95-4038-8D02-2A53994DCB75}.Release|Any CPU.ActiveCfg = Release|Any CPU
		{16F8490B-6E95-4038-8D02-2A53994DCB75}.Release|Any CPU.Build.0 = Release|Any CPU
		{EC93725C-AEFF-4A10-BE7C-8E8BCC94F8A7}.Debug|Any CPU.ActiveCfg = Debug|Any CPU
		{EC93725C-AEFF-4A10-BE7C-8E8BCC94F8A7}.Debug|Any CPU.Build.0 = Debug|Any CPU
		{EC93725C-AEFF-4A10-BE7C-8E8BCC94F8A7}.Release|Any CPU.ActiveCfg = Release|Any CPU
		{EC93725C-AEFF-4A10-BE7C-8E8BCC94F8A7}.Release|Any CPU.Build.0 = Release|Any CPU
		{448B20B1-0F8E-4ED6-BE42-D702622BA954}.Debug|Any CPU.ActiveCfg = Debug|Any CPU
		{448B20B1-0F8E-4ED6-BE42-D702622BA954}.Debug|Any CPU.Build.0 = Debug|Any CPU
		{448B20B1-0F8E-4ED6-BE42-D702622BA954}.Release|Any CPU.ActiveCfg = Release|Any CPU
		{448B20B1-0F8E-4ED6-BE42-D702622BA954}.Release|Any CPU.Build.0 = Release|Any CPU
		{24C2157E-723E-4600-ABD5-CC6C84DE1A48}.Debug|Any CPU.ActiveCfg = Debug|Any CPU
		{24C2157E-723E-4600-ABD5-CC6C84DE1A48}.Debug|Any CPU.Build.0 = Debug|Any CPU
		{24C2157E-723E-4600-ABD5-CC6C84DE1A48}.Release|Any CPU.ActiveCfg = Release|Any CPU
		{24C2157E-723E-4600-ABD5-CC6C84DE1A48}.Release|Any CPU.Build.0 = Release|Any CPU
	EndGlobalSection
	GlobalSection(SolutionProperties) = preSolution
		HideSolutionNode = FALSE
	EndGlobalSection
	GlobalSection(ExtensibilityGlobals) = postSolution
		SolutionGuid = {D7E8250B-2286-4513-BD10-9145D3C31F5F}
	EndGlobalSection
EndGlobal
